
Microsoft Visual Studio Solution File, Format Version 12.00
# Visual Studio Version 16
VisualStudioVersion = 16.0.30804.86
MinimumVisualStudioVersion = 10.0.40219.1
Project("{FAE04EC0-301F-11D3-BF4B-00C04F79EFBC}") = "Technical_Test", "Technical_Test\Technical_Test.csproj", "{5BE0EA6E-A9B2-4FEF-A9A1-CADF4F250693}"
EndProject
Global
	GlobalSection(SolutionConfigurationPlatforms) = preSolution
		Debug|Any CPU = Debug|Any CPU
		Release|Any CPU = Release|Any CPU
	EndGlobalSection
	GlobalSection(ProjectConfigurationPlatforms) = postSolution
		{5BE0EA6E-A9B2-4FEF-A9A1-CADF4F250693}.Debug|Any CPU.ActiveCfg = Debug|Any CPU
		{5BE0EA6E-A9B2-4FEF-A9A1-CADF4F250693}.Debug|Any CPU.Build.0 = Debug|Any CPU
		{5BE0EA6E-A9B2-4FEF-A9A1-CADF4F250693}.Release|Any CPU.ActiveCfg = Release|Any CPU
		{5BE0EA6E-A9B2-4FEF-A9A1-CADF4F250693}.Release|Any CPU.Build.0 = Release|Any CPU
	EndGlobalSection
	GlobalSection(SolutionProperties) = preSolution
		HideSolutionNode = FALSE
	EndGlobalSection
	GlobalSection(ExtensibilityGlobals) = postSolution
		SolutionGuid = {AE4F6B0D-9728-4C44-B7AF-EEA1A33852D9}
	EndGlobalSection
EndGlobal
